{
  "name": "vector-accuracy-studio",
  "version": "1.0.0",
  "lockfileVersion": 3,
  "requires": true,
  "packages": {
    "": {
      "name": "vector-accuracy-studio",
      "version": "1.0.0",
      "license": "ISC",
      "dependencies": {
        "imagetracerjs": "^1.2.6",
        "vtracer-webapp": "^0.4.0"
      }
    },
    "node_modules/imagetracerjs": {
      "version": "1.2.6",
      "resolved": "https://registry.npmjs.org/imagetracerjs/-/imagetracerjs-1.2.6.tgz",
      "integrity": "sha512-LKJlnKmXFzDdh6IZtXTyBxXcCLTAkwgKYS+NMiPXiXVnlTLjQC8fq7U89laUSgHtypJB3TdMMDK4ecG5NI/Cgw==",
      "license": "Unlicense"
    },
    "node_modules/vtracer-webapp": {
      "version": "0.4.0",
      "resolved": "https://registry.npmjs.org/vtracer-webapp/-/vtracer-webapp-0.4.0.tgz",
      "integrity": "sha512-xd17W4cnvlRmRaRiN/Dqp4QpqqAcwhsEi+YDvQ1UI2GkO2MTGEe/1fFZjFuzsIo29JR99s3hElalZfJ8pypoXQ==",
      "license": "MIT OR Apache-2.0"
    }
  }
}
